Microsoft Visual Studio Solution File, Format Version 12.00
# Visual Studio Version 17
VisualStudioVersion = 17.5.2.0
MinimumVisualStudioVersion = 10.0.40219.1
Project("{FAE04EC0-301F-11D3-BF4B-00C04F79EFBC}") = "MixItControllerApp", "MixItControllerApp.csproj", "{187E0059-A942-FE68-C4FE-7118747FA393}"
EndProject
Global
	GlobalSection(SolutionConfigurationPlatforms) = preSolution
		Debug|Any CPU = Debug|Any CPU
		Release|Any CPU = Release|Any CPU
	EndGlobalSection
	GlobalSection(ProjectConfigurationPlatforms) = postSolution
		{187E0059-A942-FE68-C4FE-7118747FA393}.Debug|Any CPU.ActiveCfg = Debug|Any CPU
		{187E0059-A942-FE68-C4FE-7118747FA393}.Debug|Any CPU.Build.0 = Debug|Any CPU
		{187E0059-A942-FE68-C4FE-7118747FA393}.Release|Any CPU.ActiveCfg = Release|Any CPU
		{187E0059-A942-FE68-C4FE-7118747FA393}.Release|Any CPU.Build.0 = Release|Any CPU
	EndGlobalSection
	GlobalSection(SolutionProperties) = preSolution
		HideSolutionNode = FALSE
	EndGlobalSection
	GlobalSection(ExtensibilityGlobals) = postSolution
		SolutionGuid = {DDD10B5E-04F9-492E-AB98-65A88E5EC9D1}
	EndGlobalSection
EndGlobal
